
Microsoft Visual Studio Solution File, Format Version 12.00
# Visual Studio Version 16
VisualStudioVersion = 16.0.29609.76
MinimumVisualStudioVersion = 10.0.40219.1
Project("{FAE04EC0-301F-11D3-BF4B-00C04F79EFBC}") = "Ch18_5_1", "Ch18_5_1\Ch18_5_1.csproj", "{17CFD28E-6596-408F-90B8-46345C31DC2F}"
EndProject
Global
	GlobalSection(SolutionConfigurationPlatforms) = preSolution
		Debug|Any CPU = Debug|Any CPU
		Release|Any CPU = Release|Any CPU
	EndGlobalSection
	GlobalSection(ProjectConfigurationPlatforms) = postSolution
		{17CFD28E-6596-408F-90B8-46345C31DC2F}.Debug|Any CPU.ActiveCfg = Debug|Any CPU
		{17CFD28E-6596-408F-90B8-46345C31DC2F}.Debug|Any CPU.Build.0 = Debug|Any CPU
		{17CFD28E-6596-408F-90B8-46345C31DC2F}.Release|Any CPU.ActiveCfg = Release|Any CPU
		{17CFD28E-6596-408F-90B8-46345C31DC2F}.Release|Any CPU.Build.0 = Release|Any CPU
	EndGlobalSection
	GlobalSection(SolutionProperties) = preSolution
		HideSolutionNode = FALSE
	EndGlobalSection
	GlobalSection(ExtensibilityGlobals) = postSolution
		SolutionGuid = {AD6D4DB9-F41B-45D8-BBBF-61C1AA9B6346}
	EndGlobalSection
EndGlobal
